<Solution>
  <Project Path="Assembly-CSharp.csproj" />
  <Project Path="AstarPathfindingProject.csproj" />
  <Project Path="Gentleland.SteampunkUI.DemoAndExample.csproj" />
  <Project Path="PackageToolsEditor.csproj" />
  <Project Path="AstarPathfindingProjectEditor.csproj" />
  <Project Path="Gentleland.Utils.SteampunkUI.csproj" />
</Solution>
